
Microsoft Visual Studio Solution File, Format Version 12.00
# Visual Studio Version 17
VisualStudioVersion = 17.4.33103.184
MinimumVisualStudioVersion = 10.0.40219.1
Project("{FAE04EC0-301F-11D3-BF4B-00C04F79EFBC}") = "IconAutomatorPro", "IconAutomatorPro.csproj", "{01D26A48-2FF9-48C2-B67B-B769A0A9D10F}"
EndProject
Global
	GlobalSection(SolutionConfigurationPlatforms) = preSolution
		Debug|Any CPU = Debug|Any CPU
		Release|Any CPU = Release|Any CPU
	EndGlobalSection
	GlobalSection(ProjectConfigurationPlatforms) = postSolution
		{01D26A48-2FF9-48C2-B67B-B769A0A9D10F}.Debug|Any CPU.ActiveCfg = Debug|Any CPU
		{01D26A48-2FF9-48C2-B67B-B769A0A9D10F}.Debug|Any CPU.Build.0 = Debug|Any CPU
		{01D26A48-2FF9-48C2-B67B-B769A0A9D10F}.Release|Any CPU.ActiveCfg = Release|Any CPU
		{01D26A48-2FF9-48C2-B67B-B769A0A9D10F}.Release|Any CPU.Build.0 = Release|Any CPU
	EndGlobalSection
	GlobalSection(SolutionProperties) = preSolution
		HideSolutionNode = FALSE
	EndGlobalSection
	GlobalSection(ExtensibilityGlobals) = postSolution
		SolutionGuid = {EB364482-9FC8-41EC-BC1A-21B4E60C9AF0}
	EndGlobalSection
EndGlobal
